
Microsoft Visual Studio Solution File, Format Version 12.00
# Visual Studio Version 17
VisualStudioVersion = 17.4.33213.308
MinimumVisualStudioVersion = 10.0.40219.1
Project("{9A19103F-16F7-4668-BE54-9A1E7A4F7556}") = "Spotify", "Spotify\Spotify.csproj", "{32170E88-8469-4E65-8BE8-A6D97F7B2569}"
EndProject
Project("{FAE04EC0-301F-11D3-BF4B-00C04F79EFBC}") = "UKRTIFY APP", "UKRTIFY APP\UKRTIFY APP.csproj", "{409728AA-94B6-4AFE-93C7-4A6B22C09984}"
EndProject
Global
	GlobalSection(SolutionConfigurationPlatforms) = preSolution
		Debug|Any CPU = Debug|Any CPU
		Release|Any CPU = Release|Any CPU
	EndGlobalSection
	GlobalSection(ProjectConfigurationPlatforms) = postSolution
		{32170E88-8469-4E65-8BE8-A6D97F7B2569}.Debug|Any CPU.ActiveCfg = Debug|Any CPU
		{32170E88-8469-4E65-8BE8-A6D97F7B2569}.Debug|Any CPU.Build.0 = Debug|Any CPU
		{32170E88-8469-4E65-8BE8-A6D97F7B2569}.Release|Any CPU.ActiveCfg = Release|Any CPU
		{32170E88-8469-4E65-8BE8-A6D97F7B2569}.Release|Any CPU.Build.0 = Release|Any CPU
		{409728AA-94B6-4AFE-93C7-4A6B22C09984}.Debug|Any CPU.ActiveCfg = Debug|Any CPU
		{409728AA-94B6-4AFE-93C7-4A6B22C09984}.Debug|Any CPU.Build.0 = Debug|Any CPU
		{409728AA-94B6-4AFE-93C7-4A6B22C09984}.Release|Any CPU.ActiveCfg = Release|Any CPU
		{409728AA-94B6-4AFE-93C7-4A6B22C09984}.Release|Any CPU.Build.0 = Release|Any CPU
	EndGlobalSection
	GlobalSection(SolutionProperties) = preSolution
		HideSolutionNode = FALSE
	EndGlobalSection
	GlobalSection(ExtensibilityGlobals) = postSolution
		SolutionGuid = {C1C1CE12-6DD4-42F9-A1C8-AE6DD8BF3E73}
	EndGlobalSection
EndGlobal
